Microsoft Visual Studio Solution File, Format Version 11.00
# Visual Studio 2008

Project("{6F31CA6A-0CE2-6D3A-0965-09ACEA9908EC}") = "Vampire Castle", "Assembly-CSharp.csproj", "{7827841F-BE3A-078C-1A6C-F9C1555EC69D}"
EndProject
Global
	GlobalSection(SolutionConfigurationPlatforms) = preSolution
		Debug|Any CPU = Debug|Any CPU
		Release|Any CPU = Release|Any CPU
	EndGlobalSection
	GlobalSection(ProjectConfigurationPlatforms) = postSolution
		{7827841F-BE3A-078C-1A6C-F9C1555EC69D}.Debug|Any CPU.ActiveCfg = Debug|Any CPU
		{7827841F-BE3A-078C-1A6C-F9C1555EC69D}.Debug|Any CPU.Build.0 = Debug|Any CPU
		{7827841F-BE3A-078C-1A6C-F9C1555EC69D}.Release|Any CPU.ActiveCfg = Release|Any CPU
		{7827841F-BE3A-078C-1A6C-F9C1555EC69D}.Release|Any CPU.Build.0 = Release|Any CPU
	EndGlobalSection
	GlobalSection(SolutionProperties) = preSolution
		HideSolutionNode = FALSE
	EndGlobalSection
																																GlobalSection(MonoDevelopProperties) = preSolution
		StartupItem = Assembly-CSharp.csproj
		Policies = $0
		$0.TextStylePolicy = $1
		$1.inheritsSet = null
		$1.scope = text/x-csharp
		$0.CSharpFormattingPolicy = $2
		$2.inheritsSet = Mono
		$2.inheritsScope = text/x-csharp
		$2.scope = text/x-csharp
		$0.TextStylePolicy = $3
		$3.FileWidth = 120
		$3.TabWidth = 4
		$3.IndentWidth = 4
		$3.EolMarker = Unix
		$3.inheritsSet = Mono
		$3.inheritsScope = text/plain
		$3.scope = text/plain
	EndGlobalSection

EndGlobal
